
Microsoft Visual Studio Solution File, Format Version 12.00
# Visual Studio 2013
VisualStudioVersion = 12.0.31101.0
MinimumVisualStudioVersion = 10.0.40219.1
Project("{8BC9CEB8-8B4A-11D0-8D11-00A0C91BC942}") = "shaderToVar", "shaderToVar.vcxproj", "{C77DFEAF-94FA-4310-B1DD-885F2201AF6E}"
	ProjectSection(ProjectDependencies) = postProject
		{B475A403-9D9B-410D-8A93-BA49FC4DD811} = {B475A403-9D9B-410D-8A93-BA49FC4DD811}
	EndProjectSection
EndProject
Project("{8BC9CEB8-8B4A-11D0-8D11-00A0C91BC942}") = "glsl_optimizer_lib", "glsl_optimizer_lib.vcxproj", "{B475A403-9D9B-410D-8A93-BA49FC4DD811}"
EndProject
Project("{FAE04EC0-301F-11D3-BF4B-00C04F79EFBC}") = "shaderEmbed", "shaderEmbed.csproj", "{1C222A87-6E30-42F3-8875-D030CEA12178}"
EndProject
Global
	GlobalSection(SolutionConfigurationPlatforms) = preSolution
		Debug|Any CPU = Debug|Any CPU
		Debug|Mixed Platforms = Debug|Mixed Platforms
		Debug|Win32 = Debug|Win32
		Debug|x64 = Debug|x64
		Release|Any CPU = Release|Any CPU
		Release|Mixed Platforms = Release|Mixed Platforms
		Release|Win32 = Release|Win32
		Release|x64 = Release|x64
	EndGlobalSection
	GlobalSection(ProjectConfigurationPlatforms) = postSolution
		{C77DFEAF-94FA-4310-B1DD-885F2201AF6E}.Debug|Any CPU.ActiveCfg = Debug|Win32
		{C77DFEAF-94FA-4310-B1DD-885F2201AF6E}.Debug|Mixed Platforms.ActiveCfg = Debug|Win32
		{C77DFEAF-94FA-4310-B1DD-885F2201AF6E}.Debug|Mixed Platforms.Build.0 = Debug|Win32
		{C77DFEAF-94FA-4310-B1DD-885F2201AF6E}.Debug|Win32.ActiveCfg = Debug|Win32
		{C77DFEAF-94FA-4310-B1DD-885F2201AF6E}.Debug|Win32.Build.0 = Debug|Win32
		{C77DFEAF-94FA-4310-B1DD-885F2201AF6E}.Debug|x64.ActiveCfg = Debug|Win32
		{C77DFEAF-94FA-4310-B1DD-885F2201AF6E}.Release|Any CPU.ActiveCfg = Release|Win32
		{C77DFEAF-94FA-4310-B1DD-885F2201AF6E}.Release|Mixed Platforms.ActiveCfg = Release|Win32
		{C77DFEAF-94FA-4310-B1DD-885F2201AF6E}.Release|Mixed Platforms.Build.0 = Release|Win32
		{C77DFEAF-94FA-4310-B1DD-885F2201AF6E}.Release|Win32.ActiveCfg = Release|Win32
		{C77DFEAF-94FA-4310-B1DD-885F2201AF6E}.Release|Win32.Build.0 = Release|Win32
		{C77DFEAF-94FA-4310-B1DD-885F2201AF6E}.Release|x64.ActiveCfg = Release|Win32
		{B475A403-9D9B-410D-8A93-BA49FC4DD811}.Debug|Any CPU.ActiveCfg = Debug|Win32
		{B475A403-9D9B-410D-8A93-BA49FC4DD811}.Debug|Mixed Platforms.ActiveCfg = Debug|Win32
		{B475A403-9D9B-410D-8A93-BA49FC4DD811}.Debug|Mixed Platforms.Build.0 = Debug|Win32
		{B475A403-9D9B-410D-8A93-BA49FC4DD811}.Debug|Win32.ActiveCfg = Debug|Win32
		{B475A403-9D9B-410D-8A93-BA49FC4DD811}.Debug|Win32.Build.0 = Debug|Win32
		{B475A403-9D9B-410D-8A93-BA49FC4DD811}.Debug|x64.ActiveCfg = Debug|x64
		{B475A403-9D9B-410D-8A93-BA49FC4DD811}.Debug|x64.Build.0 = Debug|x64
		{B475A403-9D9B-410D-8A93-BA49FC4DD811}.Release|Any CPU.ActiveCfg = Release|Win32
		{B475A403-9D9B-410D-8A93-BA49FC4DD811}.Release|Mixed Platforms.ActiveCfg = Release|Win32
		{B475A403-9D9B-410D-8A93-BA49FC4DD811}.Release|Mixed Platforms.Build.0 = Release|Win32
		{B475A403-9D9B-410D-8A93-BA49FC4DD811}.Release|Win32.ActiveCfg = Release|Win32
		{B475A403-9D9B-410D-8A93-BA49FC4DD811}.Release|Win32.Build.0 = Release|Win32
		{B475A403-9D9B-410D-8A93-BA49FC4DD811}.Release|x64.ActiveCfg = Release|x64
		{B475A403-9D9B-410D-8A93-BA49FC4DD811}.Release|x64.Build.0 = Release|x64
		{1C222A87-6E30-42F3-8875-D030CEA12178}.Debug|Any CPU.ActiveCfg = Debug|Any CPU
		{1C222A87-6E30-42F3-8875-D030CEA12178}.Debug|Any CPU.Build.0 = Debug|Any CPU
		{1C222A87-6E30-42F3-8875-D030CEA12178}.Debug|Mixed Platforms.ActiveCfg = Debug|Any CPU
		{1C222A87-6E30-42F3-8875-D030CEA12178}.Debug|Mixed Platforms.Build.0 = Debug|Any CPU
		{1C222A87-6E30-42F3-8875-D030CEA12178}.Debug|Win32.ActiveCfg = Debug|Any CPU
		{1C222A87-6E30-42F3-8875-D030CEA12178}.Debug|x64.ActiveCfg = Debug|Any CPU
		{1C222A87-6E30-42F3-8875-D030CEA12178}.Release|Any CPU.ActiveCfg = Release|Any CPU
		{1C222A87-6E30-42F3-8875-D030CEA12178}.Release|Any CPU.Build.0 = Release|Any CPU
		{1C222A87-6E30-42F3-8875-D030CEA12178}.Release|Mixed Platforms.ActiveCfg = Release|Any CPU
		{1C222A87-6E30-42F3-8875-D030CEA12178}.Release|Mixed Platforms.Build.0 = Release|Any CPU
		{1C222A87-6E30-42F3-8875-D030CEA12178}.Release|Win32.ActiveCfg = Release|Any CPU
		{1C222A87-6E30-42F3-8875-D030CEA12178}.Release|x64.ActiveCfg = Release|Any CPU
	EndGlobalSection
	GlobalSection(SolutionProperties) = preSolution
		HideSolutionNode = FALSE
	EndGlobalSection
EndGlobal
